{
  "originHash" : "6b55ce9135ba30ef0cabfd87b813ccb1724b213031ab8e138f0c875832781d03",
  "pins" : [
    {
      "identity" : "chip8iemulationcore",
      "kind" : "remoteSourceControl",
      "location" : "https://github.com/danijelLoc/Chip8iEmulationCore",
      "state" : {
        "revision" : "af92fb6e8e21ed8e5840e4c7662c388e383190d0",
        "version" : "1.5.0"
      }
    }
  ],
  "version" : 3
}
