{
  "pins" : [
    {
      "identity" : "chip8iemulationcore",
      "kind" : "remoteSourceControl",
      "location" : "https://github.com/danijelLoc/Chip8iEmulationCore",
      "state" : {
        "branch" : "main",
        "revision" : "4676f5b4b495cd8b4e443872e445ba539c463694"
      }
    }
  ],
  "version" : 2
}
